
Microsoft Visual Studio Solution File, Format Version 12.00
# Visual Studio 15
VisualStudioVersion = 15.0.26124.0
MinimumVisualStudioVersion = 15.0.26124.0
Project("{FAE04EC0-301F-11D3-BF4B-00C04F79EFBC}") = "NMEA", "Source\NMEA.csproj", "{B6EF037A-C811-4665-AA5F-0691AEB68411}"
EndProject
Project("{FAE04EC0-301F-11D3-BF4B-00C04F79EFBC}") = "NMEA", "Specifications\NMEA.csproj", "{3729F3D6-3568-4016-858E-7965F1F02205}"
EndProject
Global
	GlobalSection(SolutionConfigurationPlatforms) = preSolution
		Debug|Any CPU = Debug|Any CPU
		Debug|x64 = Debug|x64
		Debug|x86 = Debug|x86
		Release|Any CPU = Release|Any CPU
		Release|x64 = Release|x64
		Release|x86 = Release|x86
	EndGlobalSection
	GlobalSection(SolutionProperties) = preSolution
		HideSolutionNode = FALSE
	EndGlobalSection
	GlobalSection(ProjectConfigurationPlatforms) = postSolution
		{B6EF037A-C811-4665-AA5F-0691AEB68411}.Debug|Any CPU.ActiveCfg = Debug|Any CPU
		{B6EF037A-C811-4665-AA5F-0691AEB68411}.Debug|Any CPU.Build.0 = Debug|Any CPU
		{B6EF037A-C811-4665-AA5F-0691AEB68411}.Debug|x64.ActiveCfg = Debug|Any CPU
		{B6EF037A-C811-4665-AA5F-0691AEB68411}.Debug|x64.Build.0 = Debug|Any CPU
		{B6EF037A-C811-4665-AA5F-0691AEB68411}.Debug|x86.ActiveCfg = Debug|Any CPU
		{B6EF037A-C811-4665-AA5F-0691AEB68411}.Debug|x86.Build.0 = Debug|Any CPU
		{B6EF037A-C811-4665-AA5F-0691AEB68411}.Release|Any CPU.ActiveCfg = Release|Any CPU
		{B6EF037A-C811-4665-AA5F-0691AEB68411}.Release|Any CPU.Build.0 = Release|Any CPU
		{B6EF037A-C811-4665-AA5F-0691AEB68411}.Release|x64.ActiveCfg = Release|Any CPU
		{B6EF037A-C811-4665-AA5F-0691AEB68411}.Release|x64.Build.0 = Release|Any CPU
		{B6EF037A-C811-4665-AA5F-0691AEB68411}.Release|x86.ActiveCfg = Release|Any CPU
		{B6EF037A-C811-4665-AA5F-0691AEB68411}.Release|x86.Build.0 = Release|Any CPU
		{3729F3D6-3568-4016-858E-7965F1F02205}.Debug|Any CPU.ActiveCfg = Debug|Any CPU
		{3729F3D6-3568-4016-858E-7965F1F02205}.Debug|Any CPU.Build.0 = Debug|Any CPU
		{3729F3D6-3568-4016-858E-7965F1F02205}.Debug|x64.ActiveCfg = Debug|Any CPU
		{3729F3D6-3568-4016-858E-7965F1F02205}.Debug|x64.Build.0 = Debug|Any CPU
		{3729F3D6-3568-4016-858E-7965F1F02205}.Debug|x86.ActiveCfg = Debug|Any CPU
		{3729F3D6-3568-4016-858E-7965F1F02205}.Debug|x86.Build.0 = Debug|Any CPU
		{3729F3D6-3568-4016-858E-7965F1F02205}.Release|Any CPU.ActiveCfg = Release|Any CPU
		{3729F3D6-3568-4016-858E-7965F1F02205}.Release|Any CPU.Build.0 = Release|Any CPU
		{3729F3D6-3568-4016-858E-7965F1F02205}.Release|x64.ActiveCfg = Release|Any CPU
		{3729F3D6-3568-4016-858E-7965F1F02205}.Release|x64.Build.0 = Release|Any CPU
		{3729F3D6-3568-4016-858E-7965F1F02205}.Release|x86.ActiveCfg = Release|Any CPU
		{3729F3D6-3568-4016-858E-7965F1F02205}.Release|x86.Build.0 = Release|Any CPU
	EndGlobalSection
EndGlobal
